
Microsoft Visual Studio Solution File, Format Version 12.00
# Visual Studio Version 17
VisualStudioVersion = 17.10.35122.118
MinimumVisualStudioVersion = 10.0.40219.1
Project("{9A19103F-16F7-4668-BE54-9A1E7A4F7556}") = "FileToData", "FileToData.csproj", "{973BC254-6D3B-4CC9-8561-A40192EB44A4}"
EndProject
Project("{9A19103F-16F7-4668-BE54-9A1E7A4F7556}") = "TestProject", "..\tests\TestProject.csproj", "{D7781221-0E6C-4936-B313-88C9901EF483}"
EndProject
Global
	GlobalSection(SolutionConfigurationPlatforms) = preSolution
		Debug|Any CPU = Debug|Any CPU
		Release|Any CPU = Release|Any CPU
	EndGlobalSection
	GlobalSection(ProjectConfigurationPlatforms) = postSolution
		{973BC254-6D3B-4CC9-8561-A40192EB44A4}.Debug|Any CPU.ActiveCfg = Debug|Any CPU
		{973BC254-6D3B-4CC9-8561-A40192EB44A4}.Debug|Any CPU.Build.0 = Debug|Any CPU
		{973BC254-6D3B-4CC9-8561-A40192EB44A4}.Release|Any CPU.ActiveCfg = Release|Any CPU
		{973BC254-6D3B-4CC9-8561-A40192EB44A4}.Release|Any CPU.Build.0 = Release|Any CPU
		{D7781221-0E6C-4936-B313-88C9901EF483}.Debug|Any CPU.ActiveCfg = Debug|Any CPU
		{D7781221-0E6C-4936-B313-88C9901EF483}.Debug|Any CPU.Build.0 = Debug|Any CPU
		{D7781221-0E6C-4936-B313-88C9901EF483}.Release|Any CPU.ActiveCfg = Release|Any CPU
		{D7781221-0E6C-4936-B313-88C9901EF483}.Release|Any CPU.Build.0 = Release|Any CPU
	EndGlobalSection
	GlobalSection(SolutionProperties) = preSolution
		HideSolutionNode = FALSE
	EndGlobalSection
	GlobalSection(ExtensibilityGlobals) = postSolution
		SolutionGuid = {1B77D33A-E089-4041-940E-44ED57B5D9CC}
	EndGlobalSection
EndGlobal
